
Microsoft Visual Studio Solution File, Format Version 12.00
# Visual Studio Version 16
VisualStudioVersion = 16.0.30104.148
MinimumVisualStudioVersion = 10.0.40219.1
Project("{FAE04EC0-301F-11D3-BF4B-00C04F79EFBC}") = "BuildAppTestApp-k1", "BuildAppTestApp-k1\BuildAppTestApp-k1.csproj", "{45E0DD22-171E-4B77-802E-943F74B9EED9}"
EndProject
Global
	GlobalSection(SolutionConfigurationPlatforms) = preSolution
		Debug|Any CPU = Debug|Any CPU
		Release|Any CPU = Release|Any CPU
	EndGlobalSection
	GlobalSection(ProjectConfigurationPlatforms) = postSolution
		{45E0DD22-171E-4B77-802E-943F74B9EED9}.Debug|Any CPU.ActiveCfg = Debug|Any CPU
		{45E0DD22-171E-4B77-802E-943F74B9EED9}.Debug|Any CPU.Build.0 = Debug|Any CPU
		{45E0DD22-171E-4B77-802E-943F74B9EED9}.Release|Any CPU.ActiveCfg = Release|Any CPU
		{45E0DD22-171E-4B77-802E-943F74B9EED9}.Release|Any CPU.Build.0 = Release|Any CPU
	EndGlobalSection
	GlobalSection(SolutionProperties) = preSolution
		HideSolutionNode = FALSE
	EndGlobalSection
	GlobalSection(ExtensibilityGlobals) = postSolution
		SolutionGuid = {132B694C-EA7A-49B6-8BCA-485949D906F2}
	EndGlobalSection
EndGlobal
